// !$*UTF8*$!
{
	archiveVersion = 1;
	classes = {
	};
	objectVersion = 46;
	objects = {

/* Begin PBXBuildFile section */
		48900AE419DC30C900A60C3B /* Foundation.framework in Frameworks */ = {isa = PBXBuildFile; fileRef = 48900AE319DC30C900A60C3B /* Foundation.framework */; };
		48900AE619DC30C900A60C3B /* CoreGraphics.framework in Frameworks */ = {isa = PBXBuildFile; fileRef = 48900AE519DC30C900A60C3B /* CoreGraphics.framework */; };
		48900AE819DC30C900A60C3B /* UIKit.framework in Frameworks */ = {isa = PBXBuildFile; fileRef = 48900AE719DC30C900A60C3B /* UIKit.framework */; };
		48900AEE19DC30CA00A60C3B /* InfoPlist.strings in Resources */ = {isa = PBXBuildFile; fileRef = 48900AEC19DC30CA00A60C3B /* InfoPlist.strings */; };
		48900AF019DC30CA00A60C3B /* main.m in Sources */ = {isa = PBXBuildFile; fileRef = 48900AEF19DC30CA00A60C3B /* main.m */; };
		48900AF419DC30CA00A60C3B /* AppDelegate.m in Sources */ = {isa = PBXBuildFile; fileRef = 48900AF319DC30CA00A60C3B /* AppDelegate.m */; };
		48900AF719DC30CA00A60C3B /* Main_iPhone.storyboard in Resources */ = {isa = PBXBuildFile; fileRef = 48900AF519DC30CA00A60C3B /* Main_iPhone.storyboard */; };
		48900AFA19DC30CA00A60C3B /* Main_iPad.storyboard in Resources */ = {isa = PBXBuildFile; fileRef = 48900AF819DC30CA00A60C3B /* Main_iPad.storyboard */; };
		48900AFD19DC30CA00A60C3B /* ViewController.m in Sources */ = {isa = PBXBuildFile; fileRef = 48900AFC19DC30CA00A60C3B /* ViewController.m */; };
		48900AFF19DC30CA00A60C3B /* Images.xcassets in Resources */ = {isa = PBXBuildFile; fileRef = 48900AFE19DC30CA00A60C3B /* Images.xcassets */; };
		48900B0619DC30CA00A60C3B /* XCTest.framework in Frameworks */ = {isa = PBXBuildFile; fileRef = 48900B0519DC30CA00A60C3B /* XCTest.framework */; };
		48900B0719DC30CA00A60C3B /* Foundation.framework in Frameworks */ = {isa = PBXBuildFile; fileRef = 48900AE319DC30C900A60C3B /* Foundation.framework */; };
		48900B0819DC30CA00A60C3B /* UIKit.framework in Frameworks */ = {isa = PBXBuildFile; fileRef = 48900AE719DC30C900A60C3B /* UIKit.framework */; };
		48900B1019DC30CA00A60C3B /* InfoPlist.strings in Resources */ = {isa = PBXBuildFile; fileRef = 48900B0E19DC30CA00A60C3B /* InfoPlist.strings */; };
		48900B1219DC30CA00A60C3B /* GitHubDemoTests.m in Sources */ = {isa = PBXBuildFile; fileRef = 48900B1119DC30CA00A60C3B /* GitHubDemoTests.m */; };
/* End PBXBuildFile section */

/* Begin PBXContainerItemProxy section */
		48900B0919DC30CA00A60C3B /* PBXContainerItemProxy */ = {
			isa = PBXContainerItemProxy;
			containerPortal = 48900AD819DC30C900A60C3B /* Project object */;
			proxyType = 1;
			remoteGlobalIDString = 48900ADF19DC30C900A60C3B;
			remoteInfo = GitHubDemo;
		};
/* End PBXContainerItemProxy section */

/* Begin PBXFileReference section */
		48900AE019DC30C900A60C3B /* GitHubDemo.app */ = {isa = PBXFileReference; explicitFileType = wrapper.application; includeInIndex = 0; path = GitHubDemo.app; sourceTree = BUILT_PRODUCTS_DIR; };
		48900AE319DC30C900A60C3B /* Foundation.framework */ = {isa = PBXFileReference; lastKnownFileType = wrapper.framework; name = Foundation.framework; path = System/Library/Frameworks/Foundation.framework; sourceTree = SDKROOT; };
		48900AE519DC30C900A60C3B /* CoreGraphics.framework */ = {isa = PBXFileReference; lastKnownFileType = wrapper.framework; name = CoreGraphics.framework; path = System/Library/Frameworks/CoreGraphics.framework; sourceTree = SDKROOT; };
		48900AE719DC30C900A60C3B /* UIKit.framework */ = {isa = PBXFileReference; lastKnownFileType = wrapper.framework; name = UIKit.framework; path = System/Library/Frameworks/UIKit.framework; sourceTree = SDKROOT; };
		48900AEB19DC30CA00A60C3B /* GitHubDemo-Info.plist */ = {isa = PBXFileReference; lastKnownFileType = text.plist.xml; path = "GitHubDemo-Info.plist"; sourceTree = "<group>"; };
		48900AED19DC30CA00A60C3B /* en */ = {isa = PBXFileReference; lastKnownFileType = text.plist.strings; name = en; path = en.lproj/InfoPlist.strings; sourceTree = "<group>"; };
		48900AEF19DC30CA00A60C3B /* main.m */ = {isa = PBXFileReference; lastKnownFileType = sourcecode.c.objc; path = main.m; sourceTree = "<group>"; };
		48900AF119DC30CA00A60C3B /* GitHubDemo-Prefix.pch */ = {isa = PBXFileReference; lastKnownFileType = sourcecode.c.h; path = "GitHubDemo-Prefix.pch"; sourceTree = "<group>"; };
		48900AF219DC30CA00A60C3B /* AppDelegate.h */ = {isa = PBXFileReference; lastKnownFileType = sourcecode.c.h; path = AppDelegate.h; sourceTree = "<group>"; };
		48900AF319DC30CA00A60C3B /* AppDelegate.m */ = {isa = PBXFileReference; lastKnownFileType = sourcecode.c.objc; path = AppDelegate.m; sourceTree = "<group>"; };
		48900AF619DC30CA00A60C3B /* Base */ = {isa = PBXFileReference; lastKnownFileType = file.storyboard; name = Base; path = Base.lproj/Main_iPhone.storyboard; sourceTree = "<group>"; };
		48900AF919DC30CA00A60C3B /* Base */ = {isa = PBXFileReference; lastKnownFileType = file.storyboard; name = Base; path = Base.lproj/Main_iPad.storyboard; sourceTree = "<group>"; };
		48900AFB19DC30CA00A60C3B /* ViewController.h */ = {isa = PBXFileReference; lastKnownFileType = sourcecode.c.h; path = ViewController.h; sourceTree = "<group>"; };
		48900AFC19DC30CA00A60C3B /* ViewController.m */ = {isa = PBXFileReference; lastKnownFileType = sourcecode.c.objc; path = ViewController.m; sourceTree = "<group>"; };
		48900AFE19DC30CA00A60C3B /* Images.xcassets */ = {isa = PBXFileReference; lastKnownFileType = folder.assetcatalog; path = Images.xcassets; sourceTree = "<group>"; };
		48900B0419DC30CA00A60C3B /* GitHubDemoTests.xctest */ = {isa = PBXFileReference; explicitFileType = wrapper.cfbundle; includeInIndex = 0; path = GitHubDemoTests.xctest; sourceTree = BUILT_PRODUCTS_DIR; };
		48900B0519DC30CA00A60C3B /* XCTest.framework */ = {isa = PBXFileReference; lastKnownFileType = wrapper.framework; name = XCTest.framework; path = Library/Frameworks/XCTest.framework; sourceTree = DEVELOPER_DIR; };
		48900B0D19DC30CA00A60C3B /* GitHubDemoTests-Info.plist */ = {isa = PBXFileReference; lastKnownFileType = text.plist.xml; path = "GitHubDemoTests-Info.plist"; sourceTree = "<group>"; };
		48900B0F19DC30CA00A60C3B /* en */ = {isa = PBXFileReference; lastKnownFileType = text.plist.strings; name = en; path = en.lproj/InfoPlist.strings; sourceTree = "<group>"; };
		48900B1119DC30CA00A60C3B /* GitHubDemoTests.m */ = {isa = PBXFileReference; lastKnownFileType = sourcecode.c.objc; path = GitHubDemoTests.m; sourceTree = "<group>"; };
/* End PBXFileReference section */

/* Begin PBXFrameworksBuildPhase section */
		48900ADD19DC30C900A60C3B /* Frameworks */ = {
			isa = PBXFrameworksBuildPhase;
			buildActionMask = 2147483647;
			files = (
				48900AE619DC30C900A60C3B /* CoreGraphics.framework in Frameworks */,
				48900AE819DC30C900A60C3B /* UIKit.framework in Frameworks */,
				48900AE419DC30C900A60C3B /* Foundation.framework in Frameworks */,
			);
			runOnlyForDeploymentPostprocessing = 0;
		};
		48900B0119DC30CA00A60C3B /* Frameworks */ = {
			isa = PBXFrameworksBuildPhase;
			buildActionMask = 2147483647;
			files = (
				48900B0619DC30CA00A60C3B /* XCTest.framework in Frameworks */,
				48900B0819DC30CA00A60C3B /* UIKit.framework in Frameworks */,
				48900B0719DC30CA00A60C3B /* Foundation.framework in Frameworks */,
			);
			runOnlyForDeploymentPostprocessing = 0;
		};
/* End PBXFrameworksBuildPhase section */

/* Begin PBXGroup section */
		48900AD719DC30C900A60C3B = {
			isa = PBXGroup;
			children = (
				48900AE919DC30C900A60C3B /* GitHubDemo */,
				48900B0B19DC30CA00A60C3B /* GitHubDemoTests */,
				48900AE219DC30C900A60C3B /* Frameworks */,
				48900AE119DC30C900A60C3B /* Products */,
			);
			sourceTree = "<group>";
		};
		48900AE119DC30C900A60C3B /* Products */ = {
			isa = PBXGroup;
			children = (
				48900AE019DC30C900A60C3B /* GitHubDemo.app */,
				48900B0419DC30CA00A60C3B /* GitHubDemoTests.xctest */,
			);
			name = Products;
			sourceTree = "<group>";
		};
		48900AE219DC30C900A60C3B /* Frameworks */ = {
			isa = PBXGroup;
			children = (
				48900AE319DC30C900A60C3B /* Foundation.framework */,
				48900AE519DC30C900A60C3B /* CoreGraphics.framework */,
				48900AE719DC30C900A60C3B /* UIKit.framework */,
				48900B0519DC30CA00A60C3B /* XCTest.framework */,
			);
			name = Frameworks;
			sourceTree = "<group>";
		};
		48900AE919DC30C900A60C3B /* GitHubDemo */ = {
			isa = PBXGroup;
			children = (
				48900AF219DC30CA00A60C3B /* AppDelegate.h */,
				48900AF319DC30CA00A60C3B /* AppDelegate.m */,
				48900AF519DC30CA00A60C3B /* Main_iPhone.storyboard */,
				48900AF819DC30CA00A60C3B /* Main_iPad.storyboard */,
				48900AFB19DC30CA00A60C3B /* ViewController.h */,
				48900AFC19DC30CA00A60C3B /* ViewController.m */,
				48900AFE19DC30CA00A60C3B /* Images.xcassets */,
				48900AEA19DC30CA00A60C3B /* Supporting Files */,
			);
			path = GitHubDemo;
			sourceTree = "<group>";
		};
		48900AEA19DC30CA00A60C3B /* Supporting Files */ = {
			isa = PBXGroup;
			children = (
				48900AEB19DC30CA00A60C3B /* GitHubDemo-Info.plist */,
				48900AEC19DC30CA00A60C3B /* InfoPlist.strings */,
				48900AEF19DC30CA00A60C3B /* main.m */,
				48900AF119DC30CA00A60C3B /* GitHubDemo-Prefix.pch */,
			);
			name = "Supporting Files";
			sourceTree = "<group>";
		};
		48900B0B19DC30CA00A60C3B /* GitHubDemoTests */ = {
			isa = PBXGroup;
			children = (
				48900B1119DC30CA00A60C3B /* GitHubDemoTests.m */,
				48900B0C19DC30CA00A60C3B /* Supporting Files */,
			);
			path = GitHubDemoTests;
			sourceTree = "<group>";
		};
		48900B0C19DC30CA00A60C3B /* Supporting Files */ = {
			isa = PBXGroup;
			children = (
				48900B0D19DC30CA00A60C3B /* GitHubDemoTests-Info.plist */,
				48900B0E19DC30CA00A60C3B /* InfoPlist.strings */,
			);
			name = "Supporting Files";
			sourceTree = "<group>";
		};
/* End PBXGroup section */

/* Begin PBXNativeTarget section */
		48900ADF19DC30C900A60C3B /* GitHubDemo */ = {
			isa = PBXNativeTarget;
			buildConfigurationList = 48900B1519DC30CA00A60C3B /* Build configuration list for PBXNativeTarget "GitHubDemo" */;
			buildPhases = (
				48900ADC19DC30C900A60C3B /* Sources */,
				48900ADD19DC30C900A60C3B /* Frameworks */,
				48900ADE19DC30C900A60C3B /* Resources */,
			);
			buildRules = (
			);
			dependencies = (
			);
			name = GitHubDemo;
			productName = GitHubDemo;
			productReference = 48900AE019DC30C900A60C3B /* GitHubDemo.app */;
			productType = "com.apple.product-type.application";
		};
		48900B0319DC30CA00A60C3B /* GitHubDemoTests */ = {
			isa = PBXNativeTarget;
			buildConfigurationList = 48900B1819DC30CA00A60C3B /* Build configuration list for PBXNativeTarget "GitHubDemoTests" */;
			buildPhases = (
				48900B0019DC30CA00A60C3B /* Sources */,
				48900B0119DC30CA00A60C3B /* Frameworks */,
				48900B0219DC30CA00A60C3B /* Resources */,
			);
			buildRules = (
			);
			dependencies = (
				48900B0A19DC30CA00A60C3B /* PBXTargetDependency */,
			);
			name = GitHubDemoTests;
			productName = GitHubDemoTests;
			productReference = 48900B0419DC30CA00A60C3B /* GitHubDemoTests.xctest */;
			productType = "com.apple.product-type.bundle.unit-test";
		};
/* End PBXNativeTarget section */

/* Begin PBXProject section */
		48900AD819DC30C900A60C3B /* Project object */ = {
			isa = PBXProject;
			attributes = {
				LastUpgradeCheck = 0510;
				ORGANIZATIONNAME = "Photon Infotech Pvt. ltd";
				TargetAttributes = {
					48900B0319DC30CA00A60C3B = {
						TestTargetID = 48900ADF19DC30C900A60C3B;
					};
				};
			};
			buildConfigurationList = 48900ADB19DC30C900A60C3B /* Build configuration list for PBXProject "GitHubDemo" */;
			compatibilityVersion = "Xcode 3.2";
			developmentRegion = English;
			hasScannedForEncodings = 0;
			knownRegions = (
				en,
				Base,
			);
			mainGroup = 48900AD719DC30C900A60C3B;
			productRefGroup = 48900AE119DC30C900A60C3B /* Products */;
			projectDirPath = "";
			projectRoot = "";
			targets = (
				48900ADF19DC30C900A60C3B /* GitHubDemo */,
				48900B0319DC30CA00A60C3B /* GitHubDemoTests */,
			);
		};
/* End PBXProject section */

/* Begin PBXResourcesBuildPhase section */
		48900ADE19DC30C900A60C3B /* Resources */ = {
			isa = PBXResourcesBuildPhase;
			buildActionMask = 2147483647;
			files = (
				48900AFA19DC30CA00A60C3B /* Main_iPad.storyboard in Resources */,
				48900AFF19DC30CA00A60C3B /* Images.xcassets in Resources */,
				48900AF719DC30CA00A60C3B /* Main_iPhone.storyboard in Resources */,
				48900AEE19DC30CA00A60C3B /* InfoPlist.strings in Resources */,
			);
			runOnlyForDeploymentPostprocessing = 0;
		};
		48900B0219DC30CA00A60C3B /* Resources */ = {
			isa = PBXResourcesBuildPhase;
			buildActionMask = 2147483647;
			files = (
				48900B1019DC30CA00A60C3B /* InfoPlist.strings in Resources */,
			);
			runOnlyForDeploymentPostprocessing = 0;
		};
/* End PBXResourcesBuildPhase section */

/* Begin PBXSourcesBuildPhase section */
		48900ADC19DC30C900A60C3B /* Sources */ = {
			isa = PBXSourcesBuildPhase;
			buildActionMask = 2147483647;
			files = (
				48900AFD19DC30CA00A60C3B /* ViewController.m in Sources */,
				48900AF419DC30CA00A60C3B /* AppDelegate.m in Sources */,
				48900AF019DC30CA00A60C3B /* main.m in Sources */,
			);
			runOnlyForDeploymentPostprocessing = 0;
		};
		48900B0019DC30CA00A60C3B /* Sources */ = {
			isa = PBXSourcesBuildPhase;
			buildActionMask = 2147483647;
			files = (
				48900B1219DC30CA00A60C3B /* GitHubDemoTests.m in Sources */,
			);
			runOnlyForDeploymentPostprocessing = 0;
		};
/* End PBXSourcesBuildPhase section */

/* Begin PBXTargetDependency section */
		48900B0A19DC30CA00A60C3B /* PBXTargetDependency */ = {
			isa = PBXTargetDependency;
			target = 48900ADF19DC30C900A60C3B /* GitHubDemo */;
			targetProxy = 48900B0919DC30CA00A60C3B /* PBXContainerItemProxy */;
		};
/* End PBXTargetDependency section */

/* Begin PBXVariantGroup section */
		48900AEC19DC30CA00A60C3B /* InfoPlist.strings */ = {
			isa = PBXVariantGroup;
			children = (
				48900AED19DC30CA00A60C3B /* en */,
			);
			name = InfoPlist.strings;
			sourceTree = "<group>";
		};
		48900AF519DC30CA00A60C3B /* Main_iPhone.storyboard */ = {
			isa = PBXVariantGroup;
			children = (
				48900AF619DC30CA00A60C3B /* Base */,
			);
			name = Main_iPhone.storyboard;
			sourceTree = "<group>";
		};
		48900AF819DC30CA00A60C3B /* Main_iPad.storyboard */ = {
			isa = PBXVariantGroup;
			children = (
				48900AF919DC30CA00A60C3B /* Base */,
			);
			name = Main_iPad.storyboard;
			sourceTree = "<group>";
		};
		48900B0E19DC30CA00A60C3B /* InfoPlist.strings */ = {
			isa = PBXVariantGroup;
			children = (
				48900B0F19DC30CA00A60C3B /* en */,
			);
			name = InfoPlist.strings;
			sourceTree = "<group>";
		};
/* End PBXVariantGroup section */

/* Begin XCBuildConfiguration section */
		48900B1319DC30CA00A60C3B /* Debug */ = {
			isa = XCBuildConfiguration;
			buildSettings = {
				ALWAYS_SEARCH_USER_PATHS = NO;
				CLANG_CXX_LANGUAGE_STANDARD = "gnu++0x";
				CLANG_CXX_LIBRARY = "libc++";
				CLANG_ENABLE_MODULES = YES;
				CLANG_ENABLE_OBJC_ARC = YES;
				CLANG_WARN_BOOL_CONVERSION = YES;
				CLANG_WARN_CONSTANT_CONVERSION = YES;
				CLANG_WARN_DIRECT_OBJC_ISA_USAGE = YES_ERROR;
				CLANG_WARN_EMPTY_BODY = YES;
				CLANG_WARN_ENUM_CONVERSION = YES;
				CLANG_WARN_INT_CONVERSION = YES;
				CLANG_WARN_OBJC_ROOT_CLASS = YES_ERROR;
				CLANG_WARN__DUPLICATE_METHOD_MATCH = YES;
				"CODE_SIGN_IDENTITY[sdk=iphoneos*]" = "iPhone Developer";
				COPY_PHASE_STRIP = NO;
				GCC_C_LANGUAGE_STANDARD = gnu99;
				GCC_DYNAMIC_NO_PIC = NO;
				GCC_OPTIMIZATION_LEVEL = 0;
				GCC_PREPROCESSOR_DEFINITIONS = (
					"DEBUG=1",
					"$(inherited)",
				);
				GCC_SYMBOLS_PRIVATE_EXTERN = NO;
				GCC_WARN_64_TO_32_BIT_CONVERSION = YES;
				GCC_WARN_ABOUT_RETURN_TYPE = YES_ERROR;
				GCC_WARN_UNDECLARED_SELECTOR = YES;
				GCC_WARN_UNINITIALIZED_AUTOS = YES_AGGRESSIVE;
				GCC_WARN_UNUSED_FUNCTION = YES;
				GCC_WARN_UNUSED_VARIABLE = YES;
				IPHONEOS_DEPLOYMENT_TARGET = 7.1;
				ONLY_ACTIVE_ARCH = YES;
				SDKROOT = iphoneos;
				TARGETED_DEVICE_FAMILY = "1,2";
			};
			name = Debug;
		};
		48900B1419DC30CA00A60C3B /* Release */ = {
			isa = XCBuildConfiguration;
			buildSettings = {
				ALWAYS_SEARCH_USER_PATHS = NO;
				CLANG_CXX_LANGUAGE_STANDARD = "gnu++0x";
				CLANG_CXX_LIBRARY = "libc++";
				CLANG_ENABLE_MODULES = YES;
				CLANG_ENABLE_OBJC_ARC = YES;
				CLANG_WARN_BOOL_CONVERSION = YES;
				CLANG_WARN_CONSTANT_CONVERSION = YES;
				CLANG_WARN_DIRECT_OBJC_ISA_USAGE = YES_ERROR;
				CLANG_WARN_EMPTY_BODY = YES;
				CLANG_WARN_ENUM_CONVERSION = YES;
				CLANG_WARN_INT_CONVERSION = YES;
				CLANG_WARN_OBJC_ROOT_CLASS = YES_ERROR;
				CLANG_WARN__DUPLICATE_METHOD_MATCH = YES;
				"CODE_SIGN_IDENTITY[sdk=iphoneos*]" = "iPhone Developer";
				COPY_PHASE_STRIP = YES;
				ENABLE_NS_ASSERTIONS = NO;
				GCC_C_LANGUAGE_STANDARD = gnu99;
				GCC_WARN_64_TO_32_BIT_CONVERSION = YES;
				GCC_WARN_ABOUT_RETURN_TYPE = YES_ERROR;
				GCC_WARN_UNDECLARED_SELECTOR = YES;
				GCC_WARN_UNINITIALIZED_AUTOS = YES_AGGRESSIVE;
				GCC_WARN_UNUSED_FUNCTION = YES;
				GCC_WARN_UNUSED_VARIABLE = YES;
				IPHONEOS_DEPLOYMENT_TARGET = 7.1;
				SDKROOT = iphoneos;
				TARGETED_DEVICE_FAMILY = "1,2";
				VALIDATE_PRODUCT = YES;
			};
			name = Release;
		};
		48900B1619DC30CA00A60C3B /* Debug */ = {
			isa = XCBuildConfiguration;
			buildSettings = {
				ASSETCATALOG_COMPILER_APPICON_NAME = AppIcon;
				ASSETCATALOG_COMPILER_LAUNCHIMAGE_NAME = LaunchImage;
				GCC_PRECOMPILE_PREFIX_HEADER = YES;
				GCC_PREFIX_HEADER = "GitHubDemo/GitHubDemo-Prefix.pch";
				INFOPLIST_FILE = "GitHubDemo/GitHubDemo-Info.plist";
				PRODUCT_NAME = "$(TARGET_NAME)";
				WRAPPER_EXTENSION = app;
			};
			name = Debug;
		};
		48900B1719DC30CA00A60C3B /* Release */ = {
			isa = XCBuildConfiguration;
			buildSettings = {
				ASSETCATALOG_COMPILER_APPICON_NAME = AppIcon;
				ASSETCATALOG_COMPILER_LAUNCHIMAGE_NAME = LaunchImage;
				GCC_PRECOMPILE_PREFIX_HEADER = YES;
				GCC_PREFIX_HEADER = "GitHubDemo/GitHubDemo-Prefix.pch";
				INFOPLIST_FILE = "GitHubDemo/GitHubDemo-Info.plist";
				PRODUCT_NAME = "$(TARGET_NAME)";
				WRAPPER_EXTENSION = app;
			};
			name = Release;
		};
		48900B1919DC30CA00A60C3B /* Debug */ = {
			isa = XCBuildConfiguration;
			buildSettings = {
				BUNDLE_LOADER = "$(BUILT_PRODUCTS_DIR)/GitHubDemo.app/GitHubDemo";
				FRAMEWORK_SEARCH_PATHS = (
					"$(SDKROOT)/Developer/Library/Frameworks",
					"$(inherited)",
					"$(DEVELOPER_FRAMEWORKS_DIR)",
				);
				GCC_PRECOMPILE_PREFIX_HEADER = YES;
				GCC_PREFIX_HEADER = "GitHubDemo/GitHubDemo-Prefix.pch";
				GCC_PREPROCESSOR_DEFINITIONS = (
					"DEBUG=1",
					"$(inherited)",
				);
				INFOPLIST_FILE = "GitHubDemoTests/GitHubDemoTests-Info.plist";
				PRODUCT_NAME = "$(TARGET_NAME)";
				TEST_HOST = "$(BUNDLE_LOADER)";
				WRAPPER_EXTENSION = xctest;
			};
			name = Debug;
		};
		48900B1A19DC30CA00A60C3B /* Release */ = {
			isa = XCBuildConfiguration;
			buildSettings = {
				BUNDLE_LOADER = "$(BUILT_PRODUCTS_DIR)/GitHubDemo.app/GitHubDemo";
				FRAMEWORK_SEARCH_PATHS = (
					"$(SDKROOT)/Developer/Library/Frameworks",
					"$(inherited)",
					"$(DEVELOPER_FRAMEWORKS_DIR)",
				);
				GCC_PRECOMPILE_PREFIX_HEADER = YES;
				GCC_PREFIX_HEADER = "GitHubDemo/GitHubDemo-Prefix.pch";
				INFOPLIST_FILE = "GitHubDemoTests/GitHubDemoTests-Info.plist";
				PRODUCT_NAME = "$(TARGET_NAME)";
				TEST_HOST = "$(BUNDLE_LOADER)";
				WRAPPER_EXTENSION = xctest;
			};
			name = Release;
		};
/* End XCBuildConfiguration section */

/* Begin XCConfigurationList section */
		48900ADB19DC30C900A60C3B /* Build configuration list for PBXProject "GitHubDemo" */ = {
			isa = XCConfigurationList;
			buildConfigurations = (
				48900B1319DC30CA00A60C3B /* Debug */,
				48900B1419DC30CA00A60C3B /* Release */,
			);
			defaultConfigurationIsVisible = 0;
			defaultConfigurationName = Release;
		};
		48900B1519DC30CA00A60C3B /* Build configuration list for PBXNativeTarget "GitHubDemo" */ = {
			isa = XCConfigurationList;
			buildConfigurations = (
				48900B1619DC30CA00A60C3B /* Debug */,
				48900B1719DC30CA00A60C3B /* Release */,
			);
			defaultConfigurationIsVisible = 0;
		};
		48900B1819DC30CA00A60C3B /* Build configuration list for PBXNativeTarget "GitHubDemoTests" */ = {
			isa = XCConfigurationList;
			buildConfigurations = (
				48900B1919DC30CA00A60C3B /* Debug */,
				48900B1A19DC30CA00A60C3B /* Release */,
			);
			defaultConfigurationIsVisible = 0;
		};
/* End XCConfigurationList section */
	};
	rootObject = 48900AD819DC30C900A60C3B /* Project object */;
}
